
Microsoft Visual Studio Solution File, Format Version 12.00
# Visual Studio Version 17
VisualStudioVersion = 17.3.32929.385
MinimumVisualStudioVersion = 10.0.40219.1
Project("{9A19103F-16F7-4668-BE54-9A1E7A4F7556}") = "vxzip", "vxzip\vxzip.csproj", "{3846A2D0-45E2-4A6A-8084-223EE8252CE1}"
EndProject
Project("{9A19103F-16F7-4668-BE54-9A1E7A4F7556}") = "Crack.xSource", "xSource\src\Crack.xSource\Crack.xSource.csproj", "{7909FFC0-2DA7-4491-9AB5-76E96C2F026C}"
EndProject
Global
	GlobalSection(SolutionConfigurationPlatforms) = preSolution
		Debug|Any CPU = Debug|Any CPU
		Release|Any CPU = Release|Any CPU
	EndGlobalSection
	GlobalSection(ProjectConfigurationPlatforms) = postSolution
		{3846A2D0-45E2-4A6A-8084-223EE8252CE1}.Debug|Any CPU.ActiveCfg = Debug|Any CPU
		{3846A2D0-45E2-4A6A-8084-223EE8252CE1}.Debug|Any CPU.Build.0 = Debug|Any CPU
		{3846A2D0-45E2-4A6A-8084-223EE8252CE1}.Release|Any CPU.ActiveCfg = Release|Any CPU
		{3846A2D0-45E2-4A6A-8084-223EE8252CE1}.Release|Any CPU.Build.0 = Release|Any CPU
		{7909FFC0-2DA7-4491-9AB5-76E96C2F026C}.Debug|Any CPU.ActiveCfg = Debug|Any CPU
		{7909FFC0-2DA7-4491-9AB5-76E96C2F026C}.Debug|Any CPU.Build.0 = Debug|Any CPU
		{7909FFC0-2DA7-4491-9AB5-76E96C2F026C}.Release|Any CPU.ActiveCfg = Release|Any CPU
		{7909FFC0-2DA7-4491-9AB5-76E96C2F026C}.Release|Any CPU.Build.0 = Release|Any CPU
	EndGlobalSection
	GlobalSection(SolutionProperties) = preSolution
		HideSolutionNode = FALSE
	EndGlobalSection
	GlobalSection(ExtensibilityGlobals) = postSolution
		SolutionGuid = {64CF513C-ED16-4F7C-A314-563F0D53DA17}
	EndGlobalSection
EndGlobal
